// !$*UTF8*$!
{
	archiveVersion = 1;
	classes = {
	};
	objectVersion = 46;
	objects = {

/* Begin PBXBuildFile section */
		067B31E91A23002C009DED1F /* main.m in Sources */ = {isa = PBXBuildFile; fileRef = 067B31E81A23002C009DED1F /* main.m */; };
		067B31EC1A23002C009DED1F /* AppDelegate.m in Sources */ = {isa = PBXBuildFile; fileRef = 067B31EB1A23002C009DED1F /* AppDelegate.m */; };
		067B31EF1A23002C009DED1F /* ViewController.m in Sources */ = {isa = PBXBuildFile; fileRef = 067B31EE1A23002C009DED1F /* ViewController.m */; };
		067B31F21A23002C009DED1F /* Main.storyboard in Resources */ = {isa = PBXBuildFile; fileRef = 067B31F01A23002C009DED1F /* Main.storyboard */; };
		067B31F41A23002C009DED1F /* Images.xcassets in Resources */ = {isa = PBXBuildFile; fileRef = 067B31F31A23002C009DED1F /* Images.xcassets */; };
		067B31F71A23002C009DED1F /* LaunchScreen.xib in Resources */ = {isa = PBXBuildFile; fileRef = 067B31F51A23002C009DED1F /* LaunchScreen.xib */; };
		067B32031A23002C009DED1F /* ExampleTests.m in Sources */ = {isa = PBXBuildFile; fileRef = 067B32021A23002C009DED1F /* ExampleTests.m */; };
		E1E10581D3A6755113206C7C /* libPods.a in Frameworks */ = {isa = PBXBuildFile; fileRef = 042676321A92726E905BAD53 /* libPods.a */; };
/* End PBXBuildFile section */

/* Begin PBXContainerItemProxy section */
		067B31FD1A23002C009DED1F /* PBXContainerItemProxy */ = {
			isa = PBXContainerItemProxy;
			containerPortal = 067B31DB1A23002C009DED1F /* Project object */;
			proxyType = 1;
			remoteGlobalIDString = 067B31E21A23002C009DED1F;
			remoteInfo = Example;
		};
/* End PBXContainerItemProxy section */

/* Begin PBXFileReference section */
		042676321A92726E905BAD53 /* libPods.a */ = {isa = PBXFileReference; explicitFileType = archive.ar; includeInIndex = 0; path = libPods.a; sourceTree = BUILT_PRODUCTS_DIR; };
		067B31E31A23002C009DED1F /* Example.app */ = {isa = PBXFileReference; explicitFileType = wrapper.application; includeInIndex = 0; path = Example.app; sourceTree = BUILT_PRODUCTS_DIR; };
		067B31E71A23002C009DED1F /* Info.plist */ = {isa = PBXFileReference; lastKnownFileType = text.plist.xml; path = Info.plist; sourceTree = "<group>"; };
		067B31E81A23002C009DED1F /* main.m */ = {isa = PBXFileReference; lastKnownFileType = sourcecode.c.objc; path = main.m; sourceTree = "<group>"; };
		067B31EA1A23002C009DED1F /* AppDelegate.h */ = {isa = PBXFileReference; lastKnownFileType = sourcecode.c.h; path = AppDelegate.h; sourceTree = "<group>"; };
		067B31EB1A23002C009DED1F /* AppDelegate.m */ = {isa = PBXFileReference; lastKnownFileType = sourcecode.c.objc; path = AppDelegate.m; sourceTree = "<group>"; };
		067B31ED1A23002C009DED1F /* ViewController.h */ = {isa = PBXFileReference; lastKnownFileType = sourcecode.c.h; path = ViewController.h; sourceTree = "<group>"; };
		067B31EE1A23002C009DED1F /* ViewController.m */ = {isa = PBXFileReference; lastKnownFileType = sourcecode.c.objc; path = ViewController.m; sourceTree = "<group>"; };
		067B31F11A23002C009DED1F /* Base */ = {isa = PBXFileReference; lastKnownFileType = file.storyboard; name = Base; path = Base.lproj/Main.storyboard; sourceTree = "<group>"; };
		067B31F31A23002C009DED1F /* Images.xcassets */ = {isa = PBXFileReference; lastKnownFileType = folder.assetcatalog; path = Images.xcassets; sourceTree = "<group>"; };
		067B31F61A23002C009DED1F /* Base */ = {isa = PBXFileReference; lastKnownFileType = file.xib; name = Base; path = Base.lproj/LaunchScreen.xib; sourceTree = "<group>"; };
		067B31FC1A23002C009DED1F /* ExampleTests.xctest */ = {isa = PBXFileReference; explicitFileType = wrapper.cfbundle; includeInIndex = 0; path = ExampleTests.xctest; sourceTree = BUILT_PRODUCTS_DIR; };
		067B32011A23002C009DED1F /* Info.plist */ = {isa = PBXFileReference; lastKnownFileType = text.plist.xml; path = Info.plist; sourceTree = "<group>"; };
		067B32021A23002C009DED1F /* ExampleTests.m */ = {isa = PBXFileReference; lastKnownFileType = sourcecode.c.objc; path = ExampleTests.m; sourceTree = "<group>"; };
		70CE6963135D4E962313B360 /* Pods.debug.xcconfig */ = {isa = PBXFileReference; includeInIndex = 1; lastKnownFileType = text.xcconfig; name = Pods.debug.xcconfig; path = "Pods/Target Support Files/Pods/Pods.debug.xcconfig"; sourceTree = "<group>"; };
		F7773155248BB09616195D52 /* Pods.release.xcconfig */ = {isa = PBXFileReference; includeInIndex = 1; lastKnownFileType = text.xcconfig; name = Pods.release.xcconfig; path = "Pods/Target Support Files/Pods/Pods.release.xcconfig"; sourceTree = "<group>"; };
/* End PBXFileReference section */

/* Begin PBXFrameworksBuildPhase section */
		067B31E01A23002C009DED1F /* Frameworks */ = {
			isa = PBXFrameworksBuildPhase;
			buildActionMask = 2147483647;
			files = (
				E1E10581D3A6755113206C7C /* libPods.a in Frameworks */,
			);
			runOnlyForDeploymentPostprocessing = 0;
		};
		067B31F91A23002C009DED1F /* Frameworks */ = {
			isa = PBXFrameworksBuildPhase;
			buildActionMask = 2147483647;
			files = (
			);
			runOnlyForDeploymentPostprocessing = 0;
		};
/* End PBXFrameworksBuildPhase section */

/* Begin PBXGroup section */
		067B31DA1A23002C009DED1F = {
			isa = PBXGroup;
			children = (
				067B31E51A23002C009DED1F /* Example */,
				067B31FF1A23002C009DED1F /* ExampleTests */,
				067B31E41A23002C009DED1F /* Products */,
				2366E4EB40083FFDE1E0226A /* Pods */,
				56D78E1B582B7ECE5ADD74DB /* Frameworks */,
			);
			sourceTree = "<group>";
		};
		067B31E41A23002C009DED1F /* Products */ = {
			isa = PBXGroup;
			children = (
				067B31E31A23002C009DED1F /* Example.app */,
				067B31FC1A23002C009DED1F /* ExampleTests.xctest */,
			);
			name = Products;
			sourceTree = "<group>";
		};
		067B31E51A23002C009DED1F /* Example */ = {
			isa = PBXGroup;
			children = (
				067B31EA1A23002C009DED1F /* AppDelegate.h */,
				067B31EB1A23002C009DED1F /* AppDelegate.m */,
				067B31ED1A23002C009DED1F /* ViewController.h */,
				067B31EE1A23002C009DED1F /* ViewController.m */,
				067B31F01A23002C009DED1F /* Main.storyboard */,
				067B31F31A23002C009DED1F /* Images.xcassets */,
				067B31F51A23002C009DED1F /* LaunchScreen.xib */,
				067B31E61A23002C009DED1F /* Supporting Files */,
			);
			path = Example;
			sourceTree = "<group>";
		};
		067B31E61A23002C009DED1F /* Supporting Files */ = {
			isa = PBXGroup;
			children = (
				067B31E71A23002C009DED1F /* Info.plist */,
				067B31E81A23002C009DED1F /* main.m */,
			);
			name = "Supporting Files";
			sourceTree = "<group>";
		};
		067B31FF1A23002C009DED1F /* ExampleTests */ = {
			isa = PBXGroup;
			children = (
				067B32021A23002C009DED1F /* ExampleTests.m */,
				067B32001A23002C009DED1F /* Supporting Files */,
			);
			path = ExampleTests;
			sourceTree = "<group>";
		};
		067B32001A23002C009DED1F /* Supporting Files */ = {
			isa = PBXGroup;
			children = (
				067B32011A23002C009DED1F /* Info.plist */,
			);
			name = "Supporting Files";
			sourceTree = "<group>";
		};
		2366E4EB40083FFDE1E0226A /* Pods */ = {
			isa = PBXGroup;
			children = (
				70CE6963135D4E962313B360 /* Pods.debug.xcconfig */,
				F7773155248BB09616195D52 /* Pods.release.xcconfig */,
			);
			name = Pods;
			sourceTree = "<group>";
		};
		56D78E1B582B7ECE5ADD74DB /* Frameworks */ = {
			isa = PBXGroup;
			children = (
				042676321A92726E905BAD53 /* libPods.a */,
			);
			name = Frameworks;
			sourceTree = "<group>";
		};
/* End PBXGroup section */

/* Begin PBXNativeTarget section */
		067B31E21A23002C009DED1F /* Example */ = {
			isa = PBXNativeTarget;
			buildConfigurationList = 067B32061A23002C009DED1F /* Build configuration list for PBXNativeTarget "Example" */;
			buildPhases = (
				1E943C4FA2C73B9C87A92798 /* Check Pods Manifest.lock */,
				067B31DF1A23002C009DED1F /* Sources */,
				067B31E01A23002C009DED1F /* Frameworks */,
				067B31E11A23002C009DED1F /* Resources */,
				E2FEEACC705E9E62BC8C04FC /* Copy Pods Resources */,
			);
			buildRules = (
			);
			dependencies = (
			);
			name = Example;
			productName = Example;
			productReference = 067B31E31A23002C009DED1F /* Example.app */;
			productType = "com.apple.product-type.application";
		};
		067B31FB1A23002C009DED1F /* ExampleTests */ = {
			isa = PBXNativeTarget;
			buildConfigurationList = 067B32091A23002C009DED1F /* Build configuration list for PBXNativeTarget "ExampleTests" */;
			buildPhases = (
				067B31F81A23002C009DED1F /* Sources */,
				067B31F91A23002C009DED1F /* Frameworks */,
				067B31FA1A23002C009DED1F /* Resources */,
			);
			buildRules = (
			);
			dependencies = (
				067B31FE1A23002C009DED1F /* PBXTargetDependency */,
			);
			name = ExampleTests;
			productName = ExampleTests;
			productReference = 067B31FC1A23002C009DED1F /* ExampleTests.xctest */;
			productType = "com.apple.product-type.bundle.unit-test";
		};
/* End PBXNativeTarget section */

/* Begin PBXProject section */
		067B31DB1A23002C009DED1F /* Project object */ = {
			isa = PBXProject;
			attributes = {
				LastUpgradeCheck = 0610;
				ORGANIZATIONNAME = "Pierre-Marc Airoldi";
				TargetAttributes = {
					067B31E21A23002C009DED1F = {
						CreatedOnToolsVersion = 6.1;
					};
					067B31FB1A23002C009DED1F = {
						CreatedOnToolsVersion = 6.1;
						TestTargetID = 067B31E21A23002C009DED1F;
					};
				};
			};
			buildConfigurationList = 067B31DE1A23002C009DED1F /* Build configuration list for PBXProject "Example" */;
			compatibilityVersion = "Xcode 3.2";
			developmentRegion = English;
			hasScannedForEncodings = 0;
			knownRegions = (
				en,
				Base,
			);
			mainGroup = 067B31DA1A23002C009DED1F;
			productRefGroup = 067B31E41A23002C009DED1F /* Products */;
			projectDirPath = "";
			projectRoot = "";
			targets = (
				067B31E21A23002C009DED1F /* Example */,
				067B31FB1A23002C009DED1F /* ExampleTests */,
			);
		};
/* End PBXProject section */

/* Begin PBXResourcesBuildPhase section */
		067B31E11A23002C009DED1F /* Resources */ = {
			isa = PBXResourcesBuildPhase;
			buildActionMask = 2147483647;
			files = (
				067B31F21A23002C009DED1F /* Main.storyboard in Resources */,
				067B31F71A23002C009DED1F /* LaunchScreen.xib in Resources */,
				067B31F41A23002C009DED1F /* Images.xcassets in Resources */,
			);
			runOnlyForDeploymentPostprocessing = 0;
		};
		067B31FA1A23002C009DED1F /* Resources */ = {
			isa = PBXResourcesBuildPhase;
			buildActionMask = 2147483647;
			files = (
			);
			runOnlyForDeploymentPostprocessing = 0;
		};
/* End PBXResourcesBuildPhase section */

/* Begin PBXShellScriptBuildPhase section */
		1E943C4FA2C73B9C87A92798 /* Check Pods Manifest.lock */ = {
			isa = PBXShellScriptBuildPhase;
			buildActionMask = 2147483647;
			files = (
			);
			inputPaths = (
			);
			name = "Check Pods Manifest.lock";
			outputPaths = (
			);
			runOnlyForDeploymentPostprocessing = 0;
			shellPath = /bin/sh;
			shellScript = "diff \"${PODS_ROOT}/../Podfile.lock\" \"${PODS_ROOT}/Manifest.lock\" > /dev/null\nif [[ $? != 0 ]] ; then\n    cat << EOM\nerror: The sandbox is not in sync with the Podfile.lock. Run 'pod install' or update your CocoaPods installation.\nEOM\n    exit 1\nfi\n";
			showEnvVarsInLog = 0;
		};
		E2FEEACC705E9E62BC8C04FC /* Copy Pods Resources */ = {
			isa = PBXShellScriptBuildPhase;
			buildActionMask = 2147483647;
			files = (
			);
			inputPaths = (
			);
			name = "Copy Pods Resources";
			outputPaths = (
			);
			runOnlyForDeploymentPostprocessing = 0;
			shellPath = /bin/sh;
			shellScript = "\"${SRCROOT}/Pods/Target Support Files/Pods/Pods-resources.sh\"\n";
			showEnvVarsInLog = 0;
		};
/* End PBXShellScriptBuildPhase section */

/* Begin PBXSourcesBuildPhase section */
		067B31DF1A23002C009DED1F /* Sources */ = {
			isa = PBXSourcesBuildPhase;
			buildActionMask = 2147483647;
			files = (
				067B31EF1A23002C009DED1F /* ViewController.m in Sources */,
				067B31EC1A23002C009DED1F /* AppDelegate.m in Sources */,
				067B31E91A23002C009DED1F /* main.m in Sources */,
			);
			runOnlyForDeploymentPostprocessing = 0;
		};
		067B31F81A23002C009DED1F /* Sources */ = {
			isa = PBXSourcesBuildPhase;
			buildActionMask = 2147483647;
			files = (
				067B32031A23002C009DED1F /* ExampleTests.m in Sources */,
			);
			runOnlyForDeploymentPostprocessing = 0;
		};
/* End PBXSourcesBuildPhase section */

/* Begin PBXTargetDependency section */
		067B31FE1A23002C009DED1F /* PBXTargetDependency */ = {
			isa = PBXTargetDependency;
			target = 067B31E21A23002C009DED1F /* Example */;
			targetProxy = 067B31FD1A23002C009DED1F /* PBXContainerItemProxy */;
		};
/* End PBXTargetDependency section */

/* Begin PBXVariantGroup section */
		067B31F01A23002C009DED1F /* Main.storyboard */ = {
			isa = PBXVariantGroup;
			children = (
				067B31F11A23002C009DED1F /* Base */,
			);
			name = Main.storyboard;
			sourceTree = "<group>";
		};
		067B31F51A23002C009DED1F /* LaunchScreen.xib */ = {
			isa = PBXVariantGroup;
			children = (
				067B31F61A23002C009DED1F /* Base */,
			);
			name = LaunchScreen.xib;
			sourceTree = "<group>";
		};
/* End PBXVariantGroup section */

/* Begin XCBuildConfiguration section */
		067B32041A23002C009DED1F /* Debug */ = {
			isa = XCBuildConfiguration;
			buildSettings = {
				ALWAYS_SEARCH_USER_PATHS = NO;
				CLANG_CXX_LANGUAGE_STANDARD = "gnu++0x";
				CLANG_CXX_LIBRARY = "libc++";
				CLANG_ENABLE_MODULES = YES;
				CLANG_ENABLE_OBJC_ARC = YES;
				CLANG_WARN_BOOL_CONVERSION = YES;
				CLANG_WARN_CONSTANT_CONVERSION = YES;
				CLANG_WARN_DIRECT_OBJC_ISA_USAGE = YES_ERROR;
				CLANG_WARN_EMPTY_BODY = YES;
				CLANG_WARN_ENUM_CONVERSION = YES;
				CLANG_WARN_INT_CONVERSION = YES;
				CLANG_WARN_OBJC_ROOT_CLASS = YES_ERROR;
				CLANG_WARN_UNREACHABLE_CODE = YES;
				CLANG_WARN__DUPLICATE_METHOD_MATCH = YES;
				"CODE_SIGN_IDENTITY[sdk=iphoneos*]" = "iPhone Developer";
				COPY_PHASE_STRIP = NO;
				ENABLE_STRICT_OBJC_MSGSEND = YES;
				GCC_C_LANGUAGE_STANDARD = gnu99;
				GCC_DYNAMIC_NO_PIC = NO;
				GCC_OPTIMIZATION_LEVEL = 0;
				GCC_PREPROCESSOR_DEFINITIONS = (
					"DEBUG=1",
					"$(inherited)",
				);
				GCC_SYMBOLS_PRIVATE_EXTERN = NO;
				GCC_WARN_64_TO_32_BIT_CONVERSION = YES;
				GCC_WARN_ABOUT_RETURN_TYPE = YES_ERROR;
				GCC_WARN_UNDECLARED_SELECTOR = YES;
				GCC_WARN_UNINITIALIZED_AUTOS = YES_AGGRESSIVE;
				GCC_WARN_UNUSED_FUNCTION = YES;
				GCC_WARN_UNUSED_VARIABLE = YES;
				IPHONEOS_DEPLOYMENT_TARGET = 8.1;
				MTL_ENABLE_DEBUG_INFO = YES;
				ONLY_ACTIVE_ARCH = YES;
				SDKROOT = iphoneos;
				TARGETED_DEVICE_FAMILY = "1,2";
			};
			name = Debug;
		};
		067B32051A23002C009DED1F /* Release */ = {
			isa = XCBuildConfiguration;
			buildSettings = {
				ALWAYS_SEARCH_USER_PATHS = NO;
				CLANG_CXX_LANGUAGE_STANDARD = "gnu++0x";
				CLANG_CXX_LIBRARY = "libc++";
				CLANG_ENABLE_MODULES = YES;
				CLANG_ENABLE_OBJC_ARC = YES;
				CLANG_WARN_BOOL_CONVERSION = YES;
				CLANG_WARN_CONSTANT_CONVERSION = YES;
				CLANG_WARN_DIRECT_OBJC_ISA_USAGE = YES_ERROR;
				CLANG_WARN_EMPTY_BODY = YES;
				CLANG_WARN_ENUM_CONVERSION = YES;
				CLANG_WARN_INT_CONVERSION = YES;
				CLANG_WARN_OBJC_ROOT_CLASS = YES_ERROR;
				CLANG_WARN_UNREACHABLE_CODE = YES;
				CLANG_WARN__DUPLICATE_METHOD_MATCH = YES;
				"CODE_SIGN_IDENTITY[sdk=iphoneos*]" = "iPhone Developer";
				COPY_PHASE_STRIP = YES;
				ENABLE_NS_ASSERTIONS = NO;
				ENABLE_STRICT_OBJC_MSGSEND = YES;
				GCC_C_LANGUAGE_STANDARD = gnu99;
				GCC_WARN_64_TO_32_BIT_CONVERSION = YES;
				GCC_WARN_ABOUT_RETURN_TYPE = YES_ERROR;
				GCC_WARN_UNDECLARED_SELECTOR = YES;
				GCC_WARN_UNINITIALIZED_AUTOS = YES_AGGRESSIVE;
				GCC_WARN_UNUSED_FUNCTION = YES;
				GCC_WARN_UNUSED_VARIABLE = YES;
				IPHONEOS_DEPLOYMENT_TARGET = 8.1;
				MTL_ENABLE_DEBUG_INFO = NO;
				SDKROOT = iphoneos;
				TARGETED_DEVICE_FAMILY = "1,2";
				VALIDATE_PRODUCT = YES;
			};
			name = Release;
		};
		067B32071A23002C009DED1F /* Debug */ = {
			isa = XCBuildConfiguration;
			baseConfigurationReference = 70CE6963135D4E962313B360 /* Pods.debug.xcconfig */;
			buildSettings = {
				ASSETCATALOG_COMPILER_APPICON_NAME = AppIcon;
				HEADER_SEARCH_PATHS = "$(inherited)";
				INFOPLIST_FILE = Example/Info.plist;
				LD_RUNPATH_SEARCH_PATHS = "$(inherited) @executable_path/Frameworks";
				PRODUCT_NAME = "$(TARGET_NAME)";
			};
			name = Debug;
		};
		067B32081A23002C009DED1F /* Release */ = {
			isa = XCBuildConfiguration;
			baseConfigurationReference = F7773155248BB09616195D52 /* Pods.release.xcconfig */;
			buildSettings = {
				ASSETCATALOG_COMPILER_APPICON_NAME = AppIcon;
				HEADER_SEARCH_PATHS = "$(inherited)";
				INFOPLIST_FILE = Example/Info.plist;
				LD_RUNPATH_SEARCH_PATHS = "$(inherited) @executable_path/Frameworks";
				PRODUCT_NAME = "$(TARGET_NAME)";
			};
			name = Release;
		};
		067B320A1A23002C009DED1F /* Debug */ = {
			isa = XCBuildConfiguration;
			buildSettings = {
				BUNDLE_LOADER = "$(TEST_HOST)";
				FRAMEWORK_SEARCH_PATHS = (
					"$(SDKROOT)/Developer/Library/Frameworks",
					"$(inherited)",
				);
				GCC_PREPROCESSOR_DEFINITIONS = (
					"DEBUG=1",
					"$(inherited)",
				);
				INFOPLIST_FILE = ExampleTests/Info.plist;
				LD_RUNPATH_SEARCH_PATHS = "$(inherited) @executable_path/Frameworks @loader_path/Frameworks";
				PRODUCT_NAME = "$(TARGET_NAME)";
				TEST_HOST = "$(BUILT_PRODUCTS_DIR)/Example.app/Example";
			};
			name = Debug;
		};
		067B320B1A23002C009DED1F /* Release */ = {
			isa = XCBuildConfiguration;
			buildSettings = {
				BUNDLE_LOADER = "$(TEST_HOST)";
				FRAMEWORK_SEARCH_PATHS = (
					"$(SDKROOT)/Developer/Library/Frameworks",
					"$(inherited)",
				);
				INFOPLIST_FILE = ExampleTests/Info.plist;
				LD_RUNPATH_SEARCH_PATHS = "$(inherited) @executable_path/Frameworks @loader_path/Frameworks";
				PRODUCT_NAME = "$(TARGET_NAME)";
				TEST_HOST = "$(BUILT_PRODUCTS_DIR)/Example.app/Example";
			};
			name = Release;
		};
/* End XCBuildConfiguration section */

/* Begin XCConfigurationList section */
		067B31DE1A23002C009DED1F /* Build configuration list for PBXProject "Example" */ = {
			isa = XCConfigurationList;
			buildConfigurations = (
				067B32041A23002C009DED1F /* Debug */,
				067B32051A23002C009DED1F /* Release */,
			);
			defaultConfigurationIsVisible = 0;
			defaultConfigurationName = Release;
		};
		067B32061A23002C009DED1F /* Build configuration list for PBXNativeTarget "Example" */ = {
			isa = XCConfigurationList;
			buildConfigurations = (
				067B32071A23002C009DED1F /* Debug */,
				067B32081A23002C009DED1F /* Release */,
			);
			defaultConfigurationIsVisible = 0;
			defaultConfigurationName = Release;
		};
		067B32091A23002C009DED1F /* Build configuration list for PBXNativeTarget "ExampleTests" */ = {
			isa = XCConfigurationList;
			buildConfigurations = (
				067B320A1A23002C009DED1F /* Debug */,
				067B320B1A23002C009DED1F /* Release */,
			);
			defaultConfigurationIsVisible = 0;
			defaultConfigurationName = Release;
		};
/* End XCConfigurationList section */
	};
	rootObject = 067B31DB1A23002C009DED1F /* Project object */;
}
